
Microsoft Visual Studio Solution File, Format Version 11.00
# Visual Studio 2010
Project("{FAE04EC0-301F-11D3-BF4B-00C04F79EFBC}") = "Assembly-CSharp", "Assembly-CSharp.csproj", "{07fdfe23-cdf2-4bb4-7956-8d34121d505c}"
EndProject
Project("{FAE04EC0-301F-11D3-BF4B-00C04F79EFBC}") = "Assembly-CSharp-firstpass", "Assembly-CSharp-firstpass.csproj", "{141e3954-debd-4782-7ba3-a90c401875ab}"
EndProject
Project("{FAE04EC0-301F-11D3-BF4B-00C04F79EFBC}") = "Assembly-CSharp-Editor", "Assembly-CSharp-Editor.csproj", "{c1706251-4556-37f9-281a-5c80a97f71d8}"
EndProject
Global
	GlobalSection(SolutionConfigurationPlatforms) = preSolution
		Debug|Any CPU = Debug|Any CPU
	EndGlobalSection
	GlobalSection(ProjectConfigurationPlatforms) = postSolution
		{07fdfe23-cdf2-4bb4-7956-8d34121d505c}.Debug|Any CPU.ActiveCfg = Debug|Any CPU
		{07fdfe23-cdf2-4bb4-7956-8d34121d505c}.Debug|Any CPU.Build.0 = Debug|Any CPU
		{141e3954-debd-4782-7ba3-a90c401875ab}.Debug|Any CPU.ActiveCfg = Debug|Any CPU
		{141e3954-debd-4782-7ba3-a90c401875ab}.Debug|Any CPU.Build.0 = Debug|Any CPU
		{c1706251-4556-37f9-281a-5c80a97f71d8}.Debug|Any CPU.ActiveCfg = Debug|Any CPU
		{c1706251-4556-37f9-281a-5c80a97f71d8}.Debug|Any CPU.Build.0 = Debug|Any CPU
	EndGlobalSection
	GlobalSection(SolutionProperties) = preSolution
		HideSolutionNode = FALSE
	EndGlobalSection
EndGlobal
